{
  "name": "excel-xvba",
  "version": "1.0.0b",
  "description": "Call Excel COM on Nodejs for Read, manipulate and write spreadsheet",
  "main": "index.js",
  "types": "index.d.ts",
  "scripts": {
    "test": "echo \"Error: no test specified\" && exit 1",
    "start": "webpack --mode development --watch "
  },
  "repository": {
    "type": "git",
    "url": "git+https://github.com/Aeraphe/ExcelXvba.git"
  },
  "keywords": [
    "xvba",
    "xlsx",
    "json",
    "csv",
    "excel",
    "font",
    "border",
    "fill",
    "number",
    "format",
    "number format",
    "alignment",
    "office",
    "spreadsheet",
    "workbook",
    "defined names",
    "data validations",
    "rich text",
    "in-cell format",
    "outlineLevel",
    "views",
    "frozen",
    "split",
    "pageSetup"
    
  ],
  "author": {"name": "Alberto Aeraphe",
  "email": "alberto.aeraph@gmail.com",
  "url": "https://xvba.dev"
  },
  "license": "MIT",
  "bugs": {
    "url": "https://github.com/Aeraphe/ExcelXvba/issues"
  },
  "homepage": "https://xvba.dev",
  "dependencies": {
    "xvbacomjs": "^1.0.4-b"
  },
  "devDependencies": {
    "dotenv": "^10.0.0",
    "ts-loader": "^9.2.6",
    "webpack": "^5.55.1",
    "webpack-cli": "^4.8.0"
  }
}
